
Microsoft Visual Studio Solution File, Format Version 12.00
# Visual Studio 15
VisualStudioVersion = 15.0.26730.15
MinimumVisualStudioVersion = 10.0.40219.1
Project("{FAE04EC0-301F-11D3-BF4B-00C04F79EFBC}") = "CosmosDBTableGetStarted", "CosmosDBTableGetStarted\CosmosDBTableGetStarted.csproj", "{92B301EF-A126-4256-923E-A7B2438D744D}"
EndProject
Global
	GlobalSection(SolutionConfigurationPlatforms) = preSolution
		Debug|Any CPU = Debug|Any CPU
		Release|Any CPU = Release|Any CPU
	EndGlobalSection
	GlobalSection(ProjectConfigurationPlatforms) = postSolution
		{92B301EF-A126-4256-923E-A7B2438D744D}.Debug|Any CPU.ActiveCfg = Debug|Any CPU
		{92B301EF-A126-4256-923E-A7B2438D744D}.Debug|Any CPU.Build.0 = Debug|Any CPU
		{92B301EF-A126-4256-923E-A7B2438D744D}.Release|Any CPU.ActiveCfg = Release|Any CPU
		{92B301EF-A126-4256-923E-A7B2438D744D}.Release|Any CPU.Build.0 = Release|Any CPU
	EndGlobalSection
	GlobalSection(SolutionProperties) = preSolution
		HideSolutionNode = FALSE
	EndGlobalSection
	GlobalSection(ExtensibilityGlobals) = postSolution
		SolutionGuid = {1A6275B3-2F6B-43C7-B871-850604948C72}
	EndGlobalSection
EndGlobal
